{
  "name": "example-appstore",
  "version": "1.0.0",
  "lockfileVersion": 3,
  "requires": true,
  "packages": {
    "": {
      "name": "example-appstore",
      "version": "1.0.0",
      "license": "ISC",
      "dependencies": {
        "@runtipi/common": "^0.8.0",
        "bun": "^1.2.10",
        "zod-validation-error": "^3.4.0"
      },
      "devDependencies": {
        "@types/bun": "latest",
        "@types/node": "^22.14.1"
      },
      "peerDependencies": {
        "typescript": "^5.0.0"
      }
    },
    "node_modules/@oven/bun-darwin-aarch64": {
      "version": "1.2.21",
      "resolved": "https://registry-library.beyond.cegedim.cloud/repository/npm-all/@oven/bun-darwin-aarch64/-/bun-darwin-aarch64-1.2.21.tgz",
      "integrity": "sha512-SihfZ3czKeWz6Z3m5rUDrMlarwOXjnkUg+7tIiSB9VZCFSvWEItMfdAF170eCXxZmEh7A1dw20a3lW37lkmlrA==",
      "cpu": [
        "arm64"
      ],
      "license": "MIT",
      "optional": true,
      "os": [
        "darwin"
      ]
    },
    "node_modules/@oven/bun-darwin-x64": {
      "version": "1.2.21",
      "resolved": "https://registry-library.beyond.cegedim.cloud/repository/npm-all/@oven/bun-darwin-x64/-/bun-darwin-x64-1.2.21.tgz",
      "integrity": "sha512-iXr4y2ap6EmME7/EDoLMxSRKAh9yswKfrHDb9sF+ExHbk1C+XsNGxMY73ckQe2w0SIH6NXz2cRMTORbZ8LNjig==",
      "cpu": [
        "x64"
      ],
      "license": "MIT",
      "optional": true,
      "os": [
        "darwin"
      ]
    },
    "node_modules/@oven/bun-darwin-x64-baseline": {
      "version": "1.2.21",
      "resolved": "https://registry-library.beyond.cegedim.cloud/repository/npm-all/@oven/bun-darwin-x64-baseline/-/bun-darwin-x64-baseline-1.2.21.tgz",
      "integrity": "sha512-3KeslC5z3vpXxluYBqh6EDwojxTSyWJQeYPJFf7y/Z5QJuAN7g33l8jrx072X8P/G8CBzU1lJky14vhhnqWd7A==",
      "cpu": [
        "x64"
      ],
      "license": "MIT",
      "optional": true,
      "os": [
        "darwin"
      ]
    },
    "node_modules/@oven/bun-linux-aarch64": {
      "version": "1.2.21",
      "resolved": "https://registry-library.beyond.cegedim.cloud/repository/npm-all/@oven/bun-linux-aarch64/-/bun-linux-aarch64-1.2.21.tgz",
      "integrity": "sha512-jpUFKGUpim4h4KOqI1VYYgvifZVrWNQZFrmVPfSqGb0ZzF/p5L2qc9Hy2aUL3Lo+zHMPylwbe0iLKElPYk0xoQ==",
      "cpu": [
        "arm64"
      ],
      "license": "MIT",
      "optional": true,
      "os": [
        "linux"
      ]
    },
    "node_modules/@oven/bun-linux-aarch64-musl": {
      "version": "1.2.21",
      "resolved": "https://registry-library.beyond.cegedim.cloud/repository/npm-all/@oven/bun-linux-aarch64-musl/-/bun-linux-aarch64-musl-1.2.21.tgz",
      "integrity": "sha512-7UoUHKACYDin3iR6kdqUrF1AOCCjTHPTv1xmzlX4rzwNQvFYSAR83AMrY7hkatKGzLYkI8EjXDAvFJpwF+ZxoA==",
      "cpu": [
        "aarch64"
      ],
      "license": "MIT",
      "optional": true,
      "os": [
        "linux"
      ]
    },
    "node_modules/@oven/bun-linux-x64": {
      "version": "1.2.21",
      "resolved": "https://registry-library.beyond.cegedim.cloud/repository/npm-all/@oven/bun-linux-x64/-/bun-linux-x64-1.2.21.tgz",
      "integrity": "sha512-6RuXFaVU2ve0TVw1vfFo7ix/jh9IX7mMAEhwE2odX8EdX/ea55upiivYQ/EKeXt+Ij3STc2bCeV4vvRoEJAHdg==",
      "cpu": [
        "x64"
      ],
      "license": "MIT",
      "optional": true,
      "os": [
        "linux"
      ]
    },
    "node_modules/@oven/bun-linux-x64-baseline": {
      "version": "1.2.21",
      "resolved": "https://registry-library.beyond.cegedim.cloud/repository/npm-all/@oven/bun-linux-x64-baseline/-/bun-linux-x64-baseline-1.2.21.tgz",
      "integrity": "sha512-oZ5FUMfeghwbQcL9oxajsKjwVI+1GnVvxcJ3z+pifuXaLMZr25NCr5h0q2j+ZxEFL3RtL/Pyj8/HLfzGEIVAVg==",
      "cpu": [
        "x64"
      ],
      "license": "MIT",
      "optional": true,
      "os": [
        "linux"
      ]
    },
    "node_modules/@oven/bun-linux-x64-musl": {
      "version": "1.2.21",
      "resolved": "https://registry-library.beyond.cegedim.cloud/repository/npm-all/@oven/bun-linux-x64-musl/-/bun-linux-x64-musl-1.2.21.tgz",
      "integrity": "sha512-ioZjU+2yyLJXaDA8FKoy+tj/fuZKovG9EMp+n9+EG7g3MULbe5nU8gdsS/dET28WzuPlDlSkqF8EUocvg4HajQ==",
      "cpu": [
        "x64"
      ],
      "license": "MIT",
      "optional": true,
      "os": [
        "linux"
      ]
    },
    "node_modules/@oven/bun-linux-x64-musl-baseline": {
      "version": "1.2.21",
      "resolved": "https://registry-library.beyond.cegedim.cloud/repository/npm-all/@oven/bun-linux-x64-musl-baseline/-/bun-linux-x64-musl-baseline-1.2.21.tgz",
      "integrity": "sha512-0NzMg4XdXgujDM2jZogiV6MgACXW0a0NfB+o6fxwmUzdmMBUk1ZMRzypUi4XKjGUe89mYcPJcVFQRRnNwzTK/Q==",
      "cpu": [
        "x64"
      ],
      "license": "MIT",
      "optional": true,
      "os": [
        "linux"
      ]
    },
    "node_modules/@oven/bun-windows-x64": {
      "version": "1.2.21",
      "resolved": "https://registry-library.beyond.cegedim.cloud/repository/npm-all/@oven/bun-windows-x64/-/bun-windows-x64-1.2.21.tgz",
      "integrity": "sha512-DZVCXrZGN/B4JnVnieZin1Kxse1wOkf+Fm2hDGpZHzs27ECbw5xPMFIc0r/oCpxTc/InxuvYO9UGoOmvhFaHsQ==",
      "cpu": [
        "x64"
      ],
      "license": "MIT",
      "optional": true,
      "os": [
        "win32"
      ]
    },
    "node_modules/@oven/bun-windows-x64-baseline": {
      "version": "1.2.21",
      "resolved": "https://registry-library.beyond.cegedim.cloud/repository/npm-all/@oven/bun-windows-x64-baseline/-/bun-windows-x64-baseline-1.2.21.tgz",
      "integrity": "sha512-sTnkLdThgsa6X8ib6eb3+zgy+CGJOibK6Th4wV2wmZFi5af6TM+digEi9i+q/X3nabGwPXm0V4vBiVpvcFilsA==",
      "cpu": [
        "x64"
      ],
      "license": "MIT",
      "optional": true,
      "os": [
        "win32"
      ]
    },
    "node_modules/@runtipi/common": {
      "version": "0.8.1",
      "resolved": "https://registry-library.beyond.cegedim.cloud/repository/npm-all/@runtipi/common/-/common-0.8.1.tgz",
      "integrity": "sha512-x4K+Cn1LRsU1R0MyJBzAgjF457OyuJgi9RwcUhOpTSv6xPK+D8urM8qSQ9uLwK/2p/i2zGThxU6yUtsfkdnj/A==",
      "license": "MIT",
      "dependencies": {
        "zod": "^3.25.30",
        "zod-to-json-schema": "^3.24.5"
      }
    },
    "node_modules/@types/bun": {
      "version": "1.2.21",
      "resolved": "https://registry-library.beyond.cegedim.cloud/repository/npm-all/@types/bun/-/bun-1.2.21.tgz",
      "integrity": "sha512-NiDnvEqmbfQ6dmZ3EeUO577s4P5bf4HCTXtI6trMc6f6RzirY5IrF3aIookuSpyslFzrnvv2lmEWv5HyC1X79A==",
      "dev": true,
      "license": "MIT",
      "dependencies": {
        "bun-types": "1.2.21"
      }
    },
    "node_modules/@types/node": {
      "version": "22.18.1",
      "resolved": "https://registry-library.beyond.cegedim.cloud/repository/npm-all/@types/node/-/node-22.18.1.tgz",
      "integrity": "sha512-rzSDyhn4cYznVG+PCzGe1lwuMYJrcBS1fc3JqSa2PvtABwWo+dZ1ij5OVok3tqfpEBCBoaR4d7upFJk73HRJDw==",
      "dev": true,
      "license": "MIT",
      "dependencies": {
        "undici-types": "~6.21.0"
      }
    },
    "node_modules/@types/react": {
      "version": "19.1.12",
      "resolved": "https://registry-library.beyond.cegedim.cloud/repository/npm-all/@types/react/-/react-19.1.12.tgz",
      "integrity": "sha512-cMoR+FoAf/Jyq6+Df2/Z41jISvGZZ2eTlnsaJRptmZ76Caldwy1odD4xTr/gNV9VLj0AWgg/nmkevIyUfIIq5w==",
      "dev": true,
      "license": "MIT",
      "peer": true,
      "dependencies": {
        "csstype": "^3.0.2"
      }
    },
    "node_modules/bun": {
      "version": "1.2.21",
      "resolved": "https://registry-library.beyond.cegedim.cloud/repository/npm-all/bun/-/bun-1.2.21.tgz",
      "integrity": "sha512-y0lJ02dS90U3PJm+7KAKY8Se95AQvP5Xm77LouUwrpNOHpv59kBG4SK1+9iE1cAhpUaFipq+0EJ56S6MmE3row==",
      "cpu": [
        "arm64",
        "x64",
        "aarch64"
      ],
      "hasInstallScript": true,
      "license": "MIT",
      "os": [
        "darwin",
        "linux",
        "win32"
      ],
      "bin": {
        "bun": "bin/bun.exe",
        "bunx": "bin/bunx.exe"
      },
      "optionalDependencies": {
        "@oven/bun-darwin-aarch64": "1.2.21",
        "@oven/bun-darwin-x64": "1.2.21",
        "@oven/bun-darwin-x64-baseline": "1.2.21",
        "@oven/bun-linux-aarch64": "1.2.21",
        "@oven/bun-linux-aarch64-musl": "1.2.21",
        "@oven/bun-linux-x64": "1.2.21",
        "@oven/bun-linux-x64-baseline": "1.2.21",
        "@oven/bun-linux-x64-musl": "1.2.21",
        "@oven/bun-linux-x64-musl-baseline": "1.2.21",
        "@oven/bun-windows-x64": "1.2.21",
        "@oven/bun-windows-x64-baseline": "1.2.21"
      }
    },
    "node_modules/bun-types": {
      "version": "1.2.21",
      "resolved": "https://registry-library.beyond.cegedim.cloud/repository/npm-all/bun-types/-/bun-types-1.2.21.tgz",
      "integrity": "sha512-sa2Tj77Ijc/NTLS0/Odjq/qngmEPZfbfnOERi0KRUYhT9R8M4VBioWVmMWE5GrYbKMc+5lVybXygLdibHaqVqw==",
      "dev": true,
      "license": "MIT",
      "dependencies": {
        "@types/node": "*"
      },
      "peerDependencies": {
        "@types/react": "^19"
      }
    },
    "node_modules/csstype": {
      "version": "3.1.3",
      "resolved": "https://registry-library.beyond.cegedim.cloud/repository/npm-all/csstype/-/csstype-3.1.3.tgz",
      "integrity": "sha512-M1uQkMl8rQK/szD0LNhtqxIPLpimGm8sOBwU7lLnCpSbTyY3yeU1Vc7l4KT5zT4s/yOxHH5O7tIuuLOCnLADRw==",
      "dev": true,
      "license": "MIT",
      "peer": true
    },
    "node_modules/typescript": {
      "version": "5.9.2",
      "resolved": "https://registry-library.beyond.cegedim.cloud/repository/npm-all/typescript/-/typescript-5.9.2.tgz",
      "integrity": "sha512-CWBzXQrc/qOkhidw1OzBTQuYRbfyxDXJMVJ1XNwUHGROVmuaeiEm3OslpZ1RV96d7SKKjZKrSJu3+t/xlw3R9A==",
      "license": "Apache-2.0",
      "peer": true,
      "bin": {
        "tsc": "bin/tsc",
        "tsserver": "bin/tsserver"
      },
      "engines": {
        "node": ">=14.17"
      }
    },
    "node_modules/undici-types": {
      "version": "6.21.0",
      "resolved": "https://registry-library.beyond.cegedim.cloud/repository/npm-all/undici-types/-/undici-types-6.21.0.tgz",
      "integrity": "sha512-iwDZqg0QAGrg9Rav5H4n0M64c3mkR59cJ6wQp+7C4nI0gsmExaedaYLNO44eT4AtBBwjbTiGPMlt2Md0T9H9JQ==",
      "dev": true,
      "license": "MIT"
    },
    "node_modules/zod": {
      "version": "3.25.76",
      "resolved": "https://registry-library.beyond.cegedim.cloud/repository/npm-all/zod/-/zod-3.25.76.tgz",
      "integrity": "sha512-gzUt/qt81nXsFGKIFcC3YnfEAx5NkunCfnDlvuBSSFS02bcXu4Lmea0AFIUwbLWxWPx3d9p8S5QoaujKcNQxcQ==",
      "license": "MIT",
      "funding": {
        "url": "https://github.com/sponsors/colinhacks"
      }
    },
    "node_modules/zod-to-json-schema": {
      "version": "3.24.6",
      "resolved": "https://registry-library.beyond.cegedim.cloud/repository/npm-all/zod-to-json-schema/-/zod-to-json-schema-3.24.6.tgz",
      "integrity": "sha512-h/z3PKvcTcTetyjl1fkj79MHNEjm+HpD6NXheWjzOekY7kV+lwDYnHw+ivHkijnCSMz1yJaWBD9vu/Fcmk+vEg==",
      "license": "ISC",
      "peerDependencies": {
        "zod": "^3.24.1"
      }
    },
    "node_modules/zod-validation-error": {
      "version": "3.5.3",
      "resolved": "https://registry-library.beyond.cegedim.cloud/repository/npm-all/zod-validation-error/-/zod-validation-error-3.5.3.tgz",
      "integrity": "sha512-OT5Y8lbUadqVZCsnyFaTQ4/O2mys4tj7PqhdbBCp7McPwvIEKfPtdA6QfPeFQK2/Rz5LgwmAXRJTugBNBi0btw==",
      "license": "MIT",
      "engines": {
        "node": ">=18.0.0"
      },
      "peerDependencies": {
        "zod": "^3.25.0 || ^4.0.0"
      }
    }
  }
}
